
Microsoft Visual Studio Solution File, Format Version 12.00
# Visual Studio Version 16
VisualStudioVersion = 16.0.32106.194
MinimumVisualStudioVersion = 10.0.40219.1
Project("{FAE04EC0-301F-11D3-BF4B-00C04F79EFBC}") = "QRGenerator", "QRGenerator\QRGenerator.csproj", "{104DCD4A-4B96-4FA4-AB0A-5C9FE77BB13A}"
EndProject
Global
	GlobalSection(SolutionConfigurationPlatforms) = preSolution
		Debug|Any CPU = Debug|Any CPU
		Release|Any CPU = Release|Any CPU
	EndGlobalSection
	GlobalSection(ProjectConfigurationPlatforms) = postSolution
		{104DCD4A-4B96-4FA4-AB0A-5C9FE77BB13A}.Debug|Any CPU.ActiveCfg = Debug|Any CPU
		{104DCD4A-4B96-4FA4-AB0A-5C9FE77BB13A}.Debug|Any CPU.Build.0 = Debug|Any CPU
		{104DCD4A-4B96-4FA4-AB0A-5C9FE77BB13A}.Release|Any CPU.ActiveCfg = Release|Any CPU
		{104DCD4A-4B96-4FA4-AB0A-5C9FE77BB13A}.Release|Any CPU.Build.0 = Release|Any CPU
	EndGlobalSection
	GlobalSection(SolutionProperties) = preSolution
		HideSolutionNode = FALSE
	EndGlobalSection
	GlobalSection(ExtensibilityGlobals) = postSolution
		SolutionGuid = {77A8F8B3-AD4E-48A0-A903-55C921BA6A43}
	EndGlobalSection
EndGlobal
